{
  "object": {
    "pins": [
      {
        "package": "PathKit",
        "repositoryURL": "git@github.com:warren-dev-ios/PathKit.git",
        "state": {
          "branch": "master",
          "revision": "a4fffd6456c36d16f5442cf67579efc34ea6deea",
          "version": null
        }
      },
      {
        "package": "Spectre",
        "repositoryURL": "git@github.com:warren-dev-ios/Spectre.git",
        "state": {
          "branch": "master",
          "revision": "c4c98b558db1d8dec87d966015f28ad77f10e3d1",
          "version": null
        }
      },
      {
        "package": "SQLite.swift",
        "repositoryURL": "git@github.com:warren-dev-ios/SQLite.swift.git",
        "state": {
          "branch": "master",
          "revision": "a4f8670c4bc69b786659a1c813555e39718b687c",
          "version": null
        }
      },
      {
        "package": "Starscream",
        "repositoryURL": "https://github.com/daltoniam/Starscream",
        "state": {
          "branch": null,
          "revision": "e6b65c6d9077ea48b4a7bdda8994a1d3c6969c8d",
          "version": "3.1.1"
        }
      },
      {
        "package": "Stencil",
        "repositoryURL": "git@github.com:warren-dev-ios/Stencil.git",
        "state": {
          "branch": "master",
          "revision": "2dfb4060dcd3f15da7841f7324b2b23074e0c56f",
          "version": null
        }
      },
      {
        "package": "swift-nio-zlib-support",
        "repositoryURL": "https://github.com/apple/swift-nio-zlib-support.git",
        "state": {
          "branch": null,
          "revision": "37760e9a52030bb9011972c5213c3350fa9d41fd",
          "version": "1.0.0"
        }
      }
    ]
  },
  "version": 1
}
